// !$*UTF8*$!
{
	archiveVersion = 1;
	classes = {
	};
	objectVersion = 46;
	objects = {

/* Begin PBXBuildFile section */
		8C91051A1AD63C9300F3047B /* main.m in Sources */ = {isa = PBXBuildFile; fileRef = 8C9105191AD63C9300F3047B /* main.m */; };
		8C91051D1AD63C9300F3047B /* AppDelegate.m in Sources */ = {isa = PBXBuildFile; fileRef = 8C91051C1AD63C9300F3047B /* AppDelegate.m */; };
		8C9105201AD63C9300F3047B /* PersonViewController.m in Sources */ = {isa = PBXBuildFile; fileRef = 8C91051F1AD63C9300F3047B /* PersonViewController.m */; };
		8C9105231AD63C9300F3047B /* Main.storyboard in Resources */ = {isa = PBXBuildFile; fileRef = 8C9105211AD63C9300F3047B /* Main.storyboard */; };
		8C9105251AD63C9300F3047B /* Images.xcassets in Resources */ = {isa = PBXBuildFile; fileRef = 8C9105241AD63C9300F3047B /* Images.xcassets */; };
		8C9105281AD63C9300F3047B /* LaunchScreen.xib in Resources */ = {isa = PBXBuildFile; fileRef = 8C9105261AD63C9300F3047B /* LaunchScreen.xib */; };
		8C9105341AD63C9300F3047B /* jtribe_styleTests.m in Sources */ = {isa = PBXBuildFile; fileRef = 8C9105331AD63C9300F3047B /* jtribe_styleTests.m */; };
		8C9105411AD63E5200F3047B /* PersonViewModel.m in Sources */ = {isa = PBXBuildFile; fileRef = 8C9105401AD63E5200F3047B /* PersonViewModel.m */; };
		8C9105421AD63E5200F3047B /* PersonViewModel.m in Sources */ = {isa = PBXBuildFile; fileRef = 8C9105401AD63E5200F3047B /* PersonViewModel.m */; };
		8C9105451AD6404700F3047B /* Person.m in Sources */ = {isa = PBXBuildFile; fileRef = 8C9105441AD6404700F3047B /* Person.m */; };
		8C9105461AD6404700F3047B /* Person.m in Sources */ = {isa = PBXBuildFile; fileRef = 8C9105441AD6404700F3047B /* Person.m */; };
		8C91054A1AD6540700F3047B /* BadViewController.m in Sources */ = {isa = PBXBuildFile; fileRef = 8C9105491AD6540700F3047B /* BadViewController.m */; };
		8C91054E1AD654F600F3047B /* PersonController.m in Sources */ = {isa = PBXBuildFile; fileRef = 8C91054D1AD654F600F3047B /* PersonController.m */; };
		8C91054F1AD654F600F3047B /* PersonController.m in Sources */ = {isa = PBXBuildFile; fileRef = 8C91054D1AD654F600F3047B /* PersonController.m */; };
		8C919F7C1AEB9331002E7472 /* README.md in Sources */ = {isa = PBXBuildFile; fileRef = 8C919F7B1AEB9331002E7472 /* README.md */; };
/* End PBXBuildFile section */

/* Begin PBXContainerItemProxy section */
		8C91052E1AD63C9300F3047B /* PBXContainerItemProxy */ = {
			isa = PBXContainerItemProxy;
			containerPortal = 8C91050C1AD63C9300F3047B /* Project object */;
			proxyType = 1;
			remoteGlobalIDString = 8C9105131AD63C9300F3047B;
			remoteInfo = "jtribe-style";
		};
/* End PBXContainerItemProxy section */

/* Begin PBXFileReference section */
		8C9105141AD63C9300F3047B /* jtribe-style.app */ = {isa = PBXFileReference; explicitFileType = wrapper.application; includeInIndex = 0; path = "jtribe-style.app"; sourceTree = BUILT_PRODUCTS_DIR; };
		8C9105181AD63C9300F3047B /* Info.plist */ = {isa = PBXFileReference; lastKnownFileType = text.plist.xml; path = Info.plist; sourceTree = "<group>"; };
		8C9105191AD63C9300F3047B /* main.m */ = {isa = PBXFileReference; lastKnownFileType = sourcecode.c.objc; path = main.m; sourceTree = "<group>"; };
		8C91051B1AD63C9300F3047B /* AppDelegate.h */ = {isa = PBXFileReference; lastKnownFileType = sourcecode.c.h; path = AppDelegate.h; sourceTree = "<group>"; };
		8C91051C1AD63C9300F3047B /* AppDelegate.m */ = {isa = PBXFileReference; lastKnownFileType = sourcecode.c.objc; path = AppDelegate.m; sourceTree = "<group>"; };
		8C91051E1AD63C9300F3047B /* PersonViewController.h */ = {isa = PBXFileReference; lastKnownFileType = sourcecode.c.h; path = PersonViewController.h; sourceTree = "<group>"; };
		8C91051F1AD63C9300F3047B /* PersonViewController.m */ = {isa = PBXFileReference; lastKnownFileType = sourcecode.c.objc; path = PersonViewController.m; sourceTree = "<group>"; };
		8C9105221AD63C9300F3047B /* Base */ = {isa = PBXFileReference; lastKnownFileType = file.storyboard; name = Base; path = Base.lproj/Main.storyboard; sourceTree = "<group>"; };
		8C9105241AD63C9300F3047B /* Images.xcassets */ = {isa = PBXFileReference; lastKnownFileType = folder.assetcatalog; path = Images.xcassets; sourceTree = "<group>"; };
		8C9105271AD63C9300F3047B /* Base */ = {isa = PBXFileReference; lastKnownFileType = file.xib; name = Base; path = Base.lproj/LaunchScreen.xib; sourceTree = "<group>"; };
		8C91052D1AD63C9300F3047B /* jtribe-styleTests.xctest */ = {isa = PBXFileReference; explicitFileType = wrapper.cfbundle; includeInIndex = 0; path = "jtribe-styleTests.xctest"; sourceTree = BUILT_PRODUCTS_DIR; };
		8C9105321AD63C9300F3047B /* Info.plist */ = {isa = PBXFileReference; lastKnownFileType = text.plist.xml; path = Info.plist; sourceTree = "<group>"; };
		8C9105331AD63C9300F3047B /* jtribe_styleTests.m */ = {isa = PBXFileReference; lastKnownFileType = sourcecode.c.objc; path = jtribe_styleTests.m; sourceTree = "<group>"; };
		8C91053F1AD63E5200F3047B /* PersonViewModel.h */ = {isa = PBXFileReference; fileEncoding = 4; lastKnownFileType = sourcecode.c.h; path = PersonViewModel.h; sourceTree = "<group>"; };
		8C9105401AD63E5200F3047B /* PersonViewModel.m */ = {isa = PBXFileReference; fileEncoding = 4; lastKnownFileType = sourcecode.c.objc; path = PersonViewModel.m; sourceTree = "<group>"; };
		8C9105431AD6404700F3047B /* Person.h */ = {isa = PBXFileReference; fileEncoding = 4; lastKnownFileType = sourcecode.c.h; path = Person.h; sourceTree = "<group>"; };
		8C9105441AD6404700F3047B /* Person.m */ = {isa = PBXFileReference; fileEncoding = 4; lastKnownFileType = sourcecode.c.objc; path = Person.m; sourceTree = "<group>"; };
		8C9105471AD6420D00F3047B /* StyleDelegate.h */ = {isa = PBXFileReference; lastKnownFileType = sourcecode.c.h; path = StyleDelegate.h; sourceTree = "<group>"; };
		8C9105481AD6540700F3047B /* BadViewController.h */ = {isa = PBXFileReference; fileEncoding = 4; lastKnownFileType = sourcecode.c.h; path = BadViewController.h; sourceTree = "<group>"; };
		8C9105491AD6540700F3047B /* BadViewController.m */ = {isa = PBXFileReference; fileEncoding = 4; lastKnownFileType = sourcecode.c.objc; path = BadViewController.m; sourceTree = "<group>"; };
		8C91054C1AD654F600F3047B /* PersonController.h */ = {isa = PBXFileReference; fileEncoding = 4; lastKnownFileType = sourcecode.c.h; path = PersonController.h; sourceTree = "<group>"; };
		8C91054D1AD654F600F3047B /* PersonController.m */ = {isa = PBXFileReference; fileEncoding = 4; lastKnownFileType = sourcecode.c.objc; path = PersonController.m; sourceTree = "<group>"; };
		8C919F7B1AEB9331002E7472 /* README.md */ = {isa = PBXFileReference; fileEncoding = 4; lastKnownFileType = net.daringfireball.markdown; path = README.md; sourceTree = "<group>"; };
/* End PBXFileReference section */

/* Begin PBXFrameworksBuildPhase section */
		8C9105111AD63C9300F3047B /* Frameworks */ = {
			isa = PBXFrameworksBuildPhase;
			buildActionMask = 2147483647;
			files = (
			);
			runOnlyForDeploymentPostprocessing = 0;
		};
		8C91052A1AD63C9300F3047B /* Frameworks */ = {
			isa = PBXFrameworksBuildPhase;
			buildActionMask = 2147483647;
			files = (
			);
			runOnlyForDeploymentPostprocessing = 0;
		};
/* End PBXFrameworksBuildPhase section */

/* Begin PBXGroup section */
		8C91050B1AD63C9300F3047B = {
			isa = PBXGroup;
			children = (
				8C919F7B1AEB9331002E7472 /* README.md */,
				8C9105161AD63C9300F3047B /* jtribe-style */,
				8C9105301AD63C9300F3047B /* jtribe-styleTests */,
				8C9105151AD63C9300F3047B /* Products */,
			);
			sourceTree = "<group>";
		};
		8C9105151AD63C9300F3047B /* Products */ = {
			isa = PBXGroup;
			children = (
				8C9105141AD63C9300F3047B /* jtribe-style.app */,
				8C91052D1AD63C9300F3047B /* jtribe-styleTests.xctest */,
			);
			name = Products;
			sourceTree = "<group>";
		};
		8C9105161AD63C9300F3047B /* jtribe-style */ = {
			isa = PBXGroup;
			children = (
				8C9105501AD6551D00F3047B /* View Models */,
				8C91054B1AD654D500F3047B /* Controllers */,
				8C91053E1AD63E3E00F3047B /* Models */,
				8C91053D1AD63D6000F3047B /* View Controllers */,
				8C91051B1AD63C9300F3047B /* AppDelegate.h */,
				8C91051C1AD63C9300F3047B /* AppDelegate.m */,
				8C9105211AD63C9300F3047B /* Main.storyboard */,
				8C9105241AD63C9300F3047B /* Images.xcassets */,
				8C9105261AD63C9300F3047B /* LaunchScreen.xib */,
				8C9105171AD63C9300F3047B /* Supporting Files */,
			);
			path = "jtribe-style";
			sourceTree = "<group>";
		};
		8C9105171AD63C9300F3047B /* Supporting Files */ = {
			isa = PBXGroup;
			children = (
				8C9105181AD63C9300F3047B /* Info.plist */,
				8C9105191AD63C9300F3047B /* main.m */,
			);
			name = "Supporting Files";
			sourceTree = "<group>";
		};
		8C9105301AD63C9300F3047B /* jtribe-styleTests */ = {
			isa = PBXGroup;
			children = (
				8C9105331AD63C9300F3047B /* jtribe_styleTests.m */,
				8C9105311AD63C9300F3047B /* Supporting Files */,
			);
			path = "jtribe-styleTests";
			sourceTree = "<group>";
		};
		8C9105311AD63C9300F3047B /* Supporting Files */ = {
			isa = PBXGroup;
			children = (
				8C9105321AD63C9300F3047B /* Info.plist */,
			);
			name = "Supporting Files";
			sourceTree = "<group>";
		};
		8C91053D1AD63D6000F3047B /* View Controllers */ = {
			isa = PBXGroup;
			children = (
				8C91051E1AD63C9300F3047B /* PersonViewController.h */,
				8C91051F1AD63C9300F3047B /* PersonViewController.m */,
				8C9105471AD6420D00F3047B /* StyleDelegate.h */,
				8C9105481AD6540700F3047B /* BadViewController.h */,
				8C9105491AD6540700F3047B /* BadViewController.m */,
			);
			name = "View Controllers";
			sourceTree = "<group>";
		};
		8C91053E1AD63E3E00F3047B /* Models */ = {
			isa = PBXGroup;
			children = (
				8C9105431AD6404700F3047B /* Person.h */,
				8C9105441AD6404700F3047B /* Person.m */,
			);
			name = Models;
			sourceTree = "<group>";
		};
		8C91054B1AD654D500F3047B /* Controllers */ = {
			isa = PBXGroup;
			children = (
				8C91054C1AD654F600F3047B /* PersonController.h */,
				8C91054D1AD654F600F3047B /* PersonController.m */,
			);
			name = Controllers;
			sourceTree = "<group>";
		};
		8C9105501AD6551D00F3047B /* View Models */ = {
			isa = PBXGroup;
			children = (
				8C91053F1AD63E5200F3047B /* PersonViewModel.h */,
				8C9105401AD63E5200F3047B /* PersonViewModel.m */,
			);
			name = "View Models";
			sourceTree = "<group>";
		};
/* End PBXGroup section */

/* Begin PBXNativeTarget section */
		8C9105131AD63C9300F3047B /* jtribe-style */ = {
			isa = PBXNativeTarget;
			buildConfigurationList = 8C9105371AD63C9300F3047B /* Build configuration list for PBXNativeTarget "jtribe-style" */;
			buildPhases = (
				8C9105101AD63C9300F3047B /* Sources */,
				8C9105111AD63C9300F3047B /* Frameworks */,
				8C9105121AD63C9300F3047B /* Resources */,
			);
			buildRules = (
			);
			dependencies = (
			);
			name = "jtribe-style";
			productName = "jtribe-style";
			productReference = 8C9105141AD63C9300F3047B /* jtribe-style.app */;
			productType = "com.apple.product-type.application";
		};
		8C91052C1AD63C9300F3047B /* jtribe-styleTests */ = {
			isa = PBXNativeTarget;
			buildConfigurationList = 8C91053A1AD63C9300F3047B /* Build configuration list for PBXNativeTarget "jtribe-styleTests" */;
			buildPhases = (
				8C9105291AD63C9300F3047B /* Sources */,
				8C91052A1AD63C9300F3047B /* Frameworks */,
				8C91052B1AD63C9300F3047B /* Resources */,
			);
			buildRules = (
			);
			dependencies = (
				8C91052F1AD63C9300F3047B /* PBXTargetDependency */,
			);
			name = "jtribe-styleTests";
			productName = "jtribe-styleTests";
			productReference = 8C91052D1AD63C9300F3047B /* jtribe-styleTests.xctest */;
			productType = "com.apple.product-type.bundle.unit-test";
		};
/* End PBXNativeTarget section */

/* Begin PBXProject section */
		8C91050C1AD63C9300F3047B /* Project object */ = {
			isa = PBXProject;
			attributes = {
				LastUpgradeCheck = 0620;
				ORGANIZATIONNAME = jtribe;
				TargetAttributes = {
					8C9105131AD63C9300F3047B = {
						CreatedOnToolsVersion = 6.2;
					};
					8C91052C1AD63C9300F3047B = {
						CreatedOnToolsVersion = 6.2;
						TestTargetID = 8C9105131AD63C9300F3047B;
					};
				};
			};
			buildConfigurationList = 8C91050F1AD63C9300F3047B /* Build configuration list for PBXProject "jtribe-style" */;
			compatibilityVersion = "Xcode 3.2";
			developmentRegion = English;
			hasScannedForEncodings = 0;
			knownRegions = (
				en,
				Base,
			);
			mainGroup = 8C91050B1AD63C9300F3047B;
			productRefGroup = 8C9105151AD63C9300F3047B /* Products */;
			projectDirPath = "";
			projectRoot = "";
			targets = (
				8C9105131AD63C9300F3047B /* jtribe-style */,
				8C91052C1AD63C9300F3047B /* jtribe-styleTests */,
			);
		};
/* End PBXProject section */

/* Begin PBXResourcesBuildPhase section */
		8C9105121AD63C9300F3047B /* Resources */ = {
			isa = PBXResourcesBuildPhase;
			buildActionMask = 2147483647;
			files = (
				8C9105231AD63C9300F3047B /* Main.storyboard in Resources */,
				8C9105281AD63C9300F3047B /* LaunchScreen.xib in Resources */,
				8C9105251AD63C9300F3047B /* Images.xcassets in Resources */,
			);
			runOnlyForDeploymentPostprocessing = 0;
		};
		8C91052B1AD63C9300F3047B /* Resources */ = {
			isa = PBXResourcesBuildPhase;
			buildActionMask = 2147483647;
			files = (
			);
			runOnlyForDeploymentPostprocessing = 0;
		};
/* End PBXResourcesBuildPhase section */

/* Begin PBXSourcesBuildPhase section */
		8C9105101AD63C9300F3047B /* Sources */ = {
			isa = PBXSourcesBuildPhase;
			buildActionMask = 2147483647;
			files = (
				8C9105411AD63E5200F3047B /* PersonViewModel.m in Sources */,
				8C9105201AD63C9300F3047B /* PersonViewController.m in Sources */,
				8C91054A1AD6540700F3047B /* BadViewController.m in Sources */,
				8C9105451AD6404700F3047B /* Person.m in Sources */,
				8C91051D1AD63C9300F3047B /* AppDelegate.m in Sources */,
				8C91051A1AD63C9300F3047B /* main.m in Sources */,
				8C919F7C1AEB9331002E7472 /* README.md in Sources */,
				8C91054E1AD654F600F3047B /* PersonController.m in Sources */,
			);
			runOnlyForDeploymentPostprocessing = 0;
		};
		8C9105291AD63C9300F3047B /* Sources */ = {
			isa = PBXSourcesBuildPhase;
			buildActionMask = 2147483647;
			files = (
				8C9105461AD6404700F3047B /* Person.m in Sources */,
				8C91054F1AD654F600F3047B /* PersonController.m in Sources */,
				8C9105421AD63E5200F3047B /* PersonViewModel.m in Sources */,
				8C9105341AD63C9300F3047B /* jtribe_styleTests.m in Sources */,
			);
			runOnlyForDeploymentPostprocessing = 0;
		};
/* End PBXSourcesBuildPhase section */

/* Begin PBXTargetDependency section */
		8C91052F1AD63C9300F3047B /* PBXTargetDependency */ = {
			isa = PBXTargetDependency;
			target = 8C9105131AD63C9300F3047B /* jtribe-style */;
			targetProxy = 8C91052E1AD63C9300F3047B /* PBXContainerItemProxy */;
		};
/* End PBXTargetDependency section */

/* Begin PBXVariantGroup section */
		8C9105211AD63C9300F3047B /* Main.storyboard */ = {
			isa = PBXVariantGroup;
			children = (
				8C9105221AD63C9300F3047B /* Base */,
			);
			name = Main.storyboard;
			sourceTree = "<group>";
		};
		8C9105261AD63C9300F3047B /* LaunchScreen.xib */ = {
			isa = PBXVariantGroup;
			children = (
				8C9105271AD63C9300F3047B /* Base */,
			);
			name = LaunchScreen.xib;
			sourceTree = "<group>";
		};
/* End PBXVariantGroup section */

/* Begin XCBuildConfiguration section */
		8C9105351AD63C9300F3047B /* Debug */ = {
			isa = XCBuildConfiguration;
			buildSettings = {
				ALWAYS_SEARCH_USER_PATHS = NO;
				CLANG_CXX_LANGUAGE_STANDARD = "gnu++0x";
				CLANG_CXX_LIBRARY = "libc++";
				CLANG_ENABLE_MODULES = YES;
				CLANG_ENABLE_OBJC_ARC = YES;
				CLANG_WARN_BOOL_CONVERSION = YES;
				CLANG_WARN_CONSTANT_CONVERSION = YES;
				CLANG_WARN_DIRECT_OBJC_ISA_USAGE = YES_ERROR;
				CLANG_WARN_EMPTY_BODY = YES;
				CLANG_WARN_ENUM_CONVERSION = YES;
				CLANG_WARN_INT_CONVERSION = YES;
				CLANG_WARN_OBJC_ROOT_CLASS = YES_ERROR;
				CLANG_WARN_UNREACHABLE_CODE = YES;
				CLANG_WARN__DUPLICATE_METHOD_MATCH = YES;
				"CODE_SIGN_IDENTITY[sdk=iphoneos*]" = "iPhone Developer";
				COPY_PHASE_STRIP = NO;
				ENABLE_STRICT_OBJC_MSGSEND = YES;
				GCC_C_LANGUAGE_STANDARD = gnu99;
				GCC_DYNAMIC_NO_PIC = NO;
				GCC_OPTIMIZATION_LEVEL = 0;
				GCC_PREPROCESSOR_DEFINITIONS = (
					"DEBUG=1",
					"$(inherited)",
				);
				GCC_SYMBOLS_PRIVATE_EXTERN = NO;
				GCC_WARN_64_TO_32_BIT_CONVERSION = YES;
				GCC_WARN_ABOUT_RETURN_TYPE = YES_ERROR;
				GCC_WARN_UNDECLARED_SELECTOR = YES;
				GCC_WARN_UNINITIALIZED_AUTOS = YES_AGGRESSIVE;
				GCC_WARN_UNUSED_FUNCTION = YES;
				GCC_WARN_UNUSED_VARIABLE = YES;
				IPHONEOS_DEPLOYMENT_TARGET = 8.2;
				MTL_ENABLE_DEBUG_INFO = YES;
				ONLY_ACTIVE_ARCH = YES;
				SDKROOT = iphoneos;
			};
			name = Debug;
		};
		8C9105361AD63C9300F3047B /* Release */ = {
			isa = XCBuildConfiguration;
			buildSettings = {
				ALWAYS_SEARCH_USER_PATHS = NO;
				CLANG_CXX_LANGUAGE_STANDARD = "gnu++0x";
				CLANG_CXX_LIBRARY = "libc++";
				CLANG_ENABLE_MODULES = YES;
				CLANG_ENABLE_OBJC_ARC = YES;
				CLANG_WARN_BOOL_CONVERSION = YES;
				CLANG_WARN_CONSTANT_CONVERSION = YES;
				CLANG_WARN_DIRECT_OBJC_ISA_USAGE = YES_ERROR;
				CLANG_WARN_EMPTY_BODY = YES;
				CLANG_WARN_ENUM_CONVERSION = YES;
				CLANG_WARN_INT_CONVERSION = YES;
				CLANG_WARN_OBJC_ROOT_CLASS = YES_ERROR;
				CLANG_WARN_UNREACHABLE_CODE = YES;
				CLANG_WARN__DUPLICATE_METHOD_MATCH = YES;
				"CODE_SIGN_IDENTITY[sdk=iphoneos*]" = "iPhone Developer";
				COPY_PHASE_STRIP = NO;
				ENABLE_NS_ASSERTIONS = NO;
				ENABLE_STRICT_OBJC_MSGSEND = YES;
				GCC_C_LANGUAGE_STANDARD = gnu99;
				GCC_WARN_64_TO_32_BIT_CONVERSION = YES;
				GCC_WARN_ABOUT_RETURN_TYPE = YES_ERROR;
				GCC_WARN_UNDECLARED_SELECTOR = YES;
				GCC_WARN_UNINITIALIZED_AUTOS = YES_AGGRESSIVE;
				GCC_WARN_UNUSED_FUNCTION = YES;
				GCC_WARN_UNUSED_VARIABLE = YES;
				IPHONEOS_DEPLOYMENT_TARGET = 8.2;
				MTL_ENABLE_DEBUG_INFO = NO;
				SDKROOT = iphoneos;
				VALIDATE_PRODUCT = YES;
			};
			name = Release;
		};
		8C9105381AD63C9300F3047B /* Debug */ = {
			isa = XCBuildConfiguration;
			buildSettings = {
				ASSETCATALOG_COMPILER_APPICON_NAME = AppIcon;
				INFOPLIST_FILE = "jtribe-style/Info.plist";
				LD_RUNPATH_SEARCH_PATHS = "$(inherited) @executable_path/Frameworks";
				PRODUCT_NAME = "$(TARGET_NAME)";
			};
			name = Debug;
		};
		8C9105391AD63C9300F3047B /* Release */ = {
			isa = XCBuildConfiguration;
			buildSettings = {
				ASSETCATALOG_COMPILER_APPICON_NAME = AppIcon;
				INFOPLIST_FILE = "jtribe-style/Info.plist";
				LD_RUNPATH_SEARCH_PATHS = "$(inherited) @executable_path/Frameworks";
				PRODUCT_NAME = "$(TARGET_NAME)";
			};
			name = Release;
		};
		8C91053B1AD63C9300F3047B /* Debug */ = {
			isa = XCBuildConfiguration;
			buildSettings = {
				BUNDLE_LOADER = "$(TEST_HOST)";
				FRAMEWORK_SEARCH_PATHS = (
					"$(SDKROOT)/Developer/Library/Frameworks",
					"$(inherited)",
				);
				GCC_PREPROCESSOR_DEFINITIONS = (
					"DEBUG=1",
					"$(inherited)",
				);
				INFOPLIST_FILE = "jtribe-styleTests/Info.plist";
				LD_RUNPATH_SEARCH_PATHS = "$(inherited) @executable_path/Frameworks @loader_path/Frameworks";
				PRODUCT_NAME = "$(TARGET_NAME)";
				TEST_HOST = "$(BUILT_PRODUCTS_DIR)/jtribe-style.app/jtribe-style";
			};
			name = Debug;
		};
		8C91053C1AD63C9300F3047B /* Release */ = {
			isa = XCBuildConfiguration;
			buildSettings = {
				BUNDLE_LOADER = "$(TEST_HOST)";
				FRAMEWORK_SEARCH_PATHS = (
					"$(SDKROOT)/Developer/Library/Frameworks",
					"$(inherited)",
				);
				INFOPLIST_FILE = "jtribe-styleTests/Info.plist";
				LD_RUNPATH_SEARCH_PATHS = "$(inherited) @executable_path/Frameworks @loader_path/Frameworks";
				PRODUCT_NAME = "$(TARGET_NAME)";
				TEST_HOST = "$(BUILT_PRODUCTS_DIR)/jtribe-style.app/jtribe-style";
			};
			name = Release;
		};
/* End XCBuildConfiguration section */

/* Begin XCConfigurationList section */
		8C91050F1AD63C9300F3047B /* Build configuration list for PBXProject "jtribe-style" */ = {
			isa = XCConfigurationList;
			buildConfigurations = (
				8C9105351AD63C9300F3047B /* Debug */,
				8C9105361AD63C9300F3047B /* Release */,
			);
			defaultConfigurationIsVisible = 0;
			defaultConfigurationName = Release;
		};
		8C9105371AD63C9300F3047B /* Build configuration list for PBXNativeTarget "jtribe-style" */ = {
			isa = XCConfigurationList;
			buildConfigurations = (
				8C9105381AD63C9300F3047B /* Debug */,
				8C9105391AD63C9300F3047B /* Release */,
			);
			defaultConfigurationIsVisible = 0;
			defaultConfigurationName = Release;
		};
		8C91053A1AD63C9300F3047B /* Build configuration list for PBXNativeTarget "jtribe-styleTests" */ = {
			isa = XCConfigurationList;
			buildConfigurations = (
				8C91053B1AD63C9300F3047B /* Debug */,
				8C91053C1AD63C9300F3047B /* Release */,
			);
			defaultConfigurationIsVisible = 0;
			defaultConfigurationName = Release;
		};
/* End XCConfigurationList section */
	};
	rootObject = 8C91050C1AD63C9300F3047B /* Project object */;
}
